
Microsoft Visual Studio Solution File, Format Version 12.00
# Visual Studio 15
VisualStudioVersion = 15.0.28307.329
MinimumVisualStudioVersion = 10.0.40219.1
Project("{2150E333-8FDC-42A3-9474-1A3956D46DE8}") = "1 - WebAPI", "1 - WebAPI", "{BFC08F71-4224-4F34-8868-DFB19BE43D3C}"
EndProject
Project("{FAE04EC0-301F-11D3-BF4B-00C04F79EFBC}") = "DynamicReadingService.WebAPI", "DynamicReadingService.WebAPI\DynamicReadingService.WebAPI.csproj", "{A45D2E51-E1F1-4344-8E30-442E8648B27F}"
EndProject
Global
	GlobalSection(SolutionConfigurationPlatforms) = preSolution
		Debug|Any CPU = Debug|Any CPU
		Release|Any CPU = Release|Any CPU
	EndGlobalSection
	GlobalSection(ProjectConfigurationPlatforms) = postSolution
		{A45D2E51-E1F1-4344-8E30-442E8648B27F}.Debug|Any CPU.ActiveCfg = Debug|Any CPU
		{A45D2E51-E1F1-4344-8E30-442E8648B27F}.Debug|Any CPU.Build.0 = Debug|Any CPU
		{A45D2E51-E1F1-4344-8E30-442E8648B27F}.Release|Any CPU.ActiveCfg = Release|Any CPU
		{A45D2E51-E1F1-4344-8E30-442E8648B27F}.Release|Any CPU.Build.0 = Release|Any CPU
	EndGlobalSection
	GlobalSection(SolutionProperties) = preSolution
		HideSolutionNode = FALSE
	EndGlobalSection
	GlobalSection(NestedProjects) = preSolution
		{A45D2E51-E1F1-4344-8E30-442E8648B27F} = {BFC08F71-4224-4F34-8868-DFB19BE43D3C}
	EndGlobalSection
	GlobalSection(ExtensibilityGlobals) = postSolution
		SolutionGuid = {302C05B5-F2C1-42D5-AB29-6CDA5EC6B480}
	EndGlobalSection
EndGlobal
