
Microsoft Visual Studio Solution File, Format Version 12.00
# Visual Studio 15
VisualStudioVersion = 15.0.28307.329
MinimumVisualStudioVersion = 10.0.40219.1
Project("{2150E333-8FDC-42A3-9474-1A3956D46DE8}") = "1 - Interface", "1 - Interface", "{BFC08F71-4224-4F34-8868-DFB19BE43D3C}"
EndProject
Project("{9A19103F-16F7-4668-BE54-9A1E7A4F7556}") = "DynamicReadingService.API", "DynamicReadingService.API\DynamicReadingService.API.csproj", "{52A820CF-A808-40F1-93C4-7F440BDB716C}"
EndProject
Project("{2150E333-8FDC-42A3-9474-1A3956D46DE8}") = "3 - Core", "3 - Core", "{401CBCA9-8185-45C9-9A16-BB766D9BF17E}"
EndProject
Project("{9A19103F-16F7-4668-BE54-9A1E7A4F7556}") = "DynamicReadingService.Core", "DynamicReadingService.Core\DynamicReadingService.Core.csproj", "{5A523160-75BE-4CBD-B8BB-AB78087714C1}"
EndProject
Project("{2150E333-8FDC-42A3-9474-1A3956D46DE8}") = "2 - Data", "2 - Data", "{6F6B09D6-EEF5-45EF-80AF-B0BEA8929D7A}"
EndProject
Project("{FAE04EC0-301F-11D3-BF4B-00C04F79EFBC}") = "DynamicReadingService.Data", "DynamicReadingService.Data\DynamicReadingService.Data.csproj", "{D717A081-3047-4EB9-82D1-BB69E8FEE069}"
EndProject
Global
	GlobalSection(SolutionConfigurationPlatforms) = preSolution
		Debug|Any CPU = Debug|Any CPU
		Release|Any CPU = Release|Any CPU
	EndGlobalSection
	GlobalSection(ProjectConfigurationPlatforms) = postSolution
		{52A820CF-A808-40F1-93C4-7F440BDB716C}.Debug|Any CPU.ActiveCfg = Debug|Any CPU
		{52A820CF-A808-40F1-93C4-7F440BDB716C}.Debug|Any CPU.Build.0 = Debug|Any CPU
		{52A820CF-A808-40F1-93C4-7F440BDB716C}.Release|Any CPU.ActiveCfg = Release|Any CPU
		{52A820CF-A808-40F1-93C4-7F440BDB716C}.Release|Any CPU.Build.0 = Release|Any CPU
		{5A523160-75BE-4CBD-B8BB-AB78087714C1}.Debug|Any CPU.ActiveCfg = Debug|Any CPU
		{5A523160-75BE-4CBD-B8BB-AB78087714C1}.Debug|Any CPU.Build.0 = Debug|Any CPU
		{5A523160-75BE-4CBD-B8BB-AB78087714C1}.Release|Any CPU.ActiveCfg = Release|Any CPU
		{5A523160-75BE-4CBD-B8BB-AB78087714C1}.Release|Any CPU.Build.0 = Release|Any CPU
		{D717A081-3047-4EB9-82D1-BB69E8FEE069}.Debug|Any CPU.ActiveCfg = Debug|Any CPU
		{D717A081-3047-4EB9-82D1-BB69E8FEE069}.Debug|Any CPU.Build.0 = Debug|Any CPU
		{D717A081-3047-4EB9-82D1-BB69E8FEE069}.Release|Any CPU.ActiveCfg = Release|Any CPU
		{D717A081-3047-4EB9-82D1-BB69E8FEE069}.Release|Any CPU.Build.0 = Release|Any CPU
	EndGlobalSection
	GlobalSection(SolutionProperties) = preSolution
		HideSolutionNode = FALSE
	EndGlobalSection
	GlobalSection(NestedProjects) = preSolution
		{52A820CF-A808-40F1-93C4-7F440BDB716C} = {BFC08F71-4224-4F34-8868-DFB19BE43D3C}
		{5A523160-75BE-4CBD-B8BB-AB78087714C1} = {401CBCA9-8185-45C9-9A16-BB766D9BF17E}
		{D717A081-3047-4EB9-82D1-BB69E8FEE069} = {6F6B09D6-EEF5-45EF-80AF-B0BEA8929D7A}
	EndGlobalSection
	GlobalSection(ExtensibilityGlobals) = postSolution
		SolutionGuid = {302C05B5-F2C1-42D5-AB29-6CDA5EC6B480}
	EndGlobalSection
EndGlobal
